{
  "name": "labs-config",
  "version": "0.1.0-alpha",
  "lockfileVersion": 1,
  "requires": true,
  "dependencies": {
    "crypto-io-utils": {
      "version": "0.1.2-alpha",
      "resolved": "https://registry.npmjs.org/crypto-io-utils/-/crypto-io-utils-0.1.2-alpha.tgz",
      "integrity": "sha512-ig3baSXiOVkEpeAiK+dVv2vpO8OZNrnsoIAXBPrybTWtWLDNtnKRkTCjRX+u087JFlfy2LV40s9akCZzVsP/Mg==",
      "requires": {
        "crypto-js": "3.1.9-1"
      }
    },
    "crypto-js": {
      "version": "3.1.9-1",
      "resolved": "https://registry.npmjs.org/crypto-js/-/crypto-js-3.1.9-1.tgz",
      "integrity": "sha1-/aGedh/Ad+Af+/3G6f38WeiAbNg="
    }
  }
}
